
Microsoft Visual Studio Solution File, Format Version 12.00
Project("{FAE04EC0-301F-11D3-BF4B-00C04F79EFBC}") = "gyak2", "gyak2\gyak2.csproj", "{D470E398-4324-441E-A198-AA6F750B92BB}"
EndProject
Global
	GlobalSection(SolutionConfigurationPlatforms) = preSolution
		Debug|Any CPU = Debug|Any CPU
		Release|Any CPU = Release|Any CPU
	EndGlobalSection
	GlobalSection(ProjectConfigurationPlatforms) = postSolution
		{D470E398-4324-441E-A198-AA6F750B92BB}.Debug|Any CPU.ActiveCfg = Debug|Any CPU
		{D470E398-4324-441E-A198-AA6F750B92BB}.Debug|Any CPU.Build.0 = Debug|Any CPU
		{D470E398-4324-441E-A198-AA6F750B92BB}.Release|Any CPU.ActiveCfg = Release|Any CPU
		{D470E398-4324-441E-A198-AA6F750B92BB}.Release|Any CPU.Build.0 = Release|Any CPU
	EndGlobalSection
EndGlobal
